
Microsoft Visual Studio Solution File, Format Version 12.00
# Visual Studio Version 17
VisualStudioVersion = 17.4.33213.308
MinimumVisualStudioVersion = 10.0.40219.1
Project("{FAE04EC0-301F-11D3-BF4B-00C04F79EFBC}") = "BBox_ModBusWorker", "BBox_ModBusWorker.csproj", "{AFCB9899-305B-40F5-9DA8-D1696E3DCA21}"
EndProject
Global
	GlobalSection(SolutionConfigurationPlatforms) = preSolution
		Debug|Any CPU = Debug|Any CPU
		Release|Any CPU = Release|Any CPU
	EndGlobalSection
	GlobalSection(ProjectConfigurationPlatforms) = postSolution
		{AFCB9899-305B-40F5-9DA8-D1696E3DCA21}.Debug|Any CPU.ActiveCfg = Debug|Any CPU
		{AFCB9899-305B-40F5-9DA8-D1696E3DCA21}.Debug|Any CPU.Build.0 = Debug|Any CPU
		{AFCB9899-305B-40F5-9DA8-D1696E3DCA21}.Release|Any CPU.ActiveCfg = Release|Any CPU
		{AFCB9899-305B-40F5-9DA8-D1696E3DCA21}.Release|Any CPU.Build.0 = Release|Any CPU
	EndGlobalSection
	GlobalSection(SolutionProperties) = preSolution
		HideSolutionNode = FALSE
	EndGlobalSection
	GlobalSection(ExtensibilityGlobals) = postSolution
		SolutionGuid = {11D334E0-AE7D-43B2-850A-8A97BFE4EC0B}
	EndGlobalSection
EndGlobal
